<?xml version="1.0" encoding="utf-8"?>
<Project ToolsVersion="4.0" xmlns="http://schemas.microsoft.com/developer/msbuild/2003">
  <ItemGroup>
    <Filter Include="1_HelloTrianger">
      <UniqueIdentifier>{7e5e8109-821b-4a2a-b7ef-8f4278ba35d1}</UniqueIdentifier>
    </Filter>
    <Filter Include="2_HelloShader">
      <UniqueIdentifier>{6a323c04-cfd0-42a5-b2da-9849a75acee0}</UniqueIdentifier>
    </Filter>
    <Filter Include="lib">
      <UniqueIdentifier>{83ea6b5b-461b-472e-98cc-09144d415313}</UniqueIdentifier>
    </Filter>
    <Filter Include="exe">
      <UniqueIdentifier>{b616adf2-2c94-4aa1-8aac-ebbc347381e7}</UniqueIdentifier>
    </Filter>
    <Filter Include="3_HelloTexture">
      <UniqueIdentifier>{02e947ba-d32b-46dd-adba-f41a33517e7b}</UniqueIdentifier>
    </Filter>
    <Filter Include="4_HelloTransform">
      <UniqueIdentifier>{47eac3cf-28bb-4cbb-95aa-bfb4c0808708}</UniqueIdentifier>
    </Filter>
    <Filter Include="Util">
      <UniqueIdentifier>{7b530977-1963-44aa-bf2e-341a91cbe2ce}</UniqueIdentifier>
    </Filter>
    <Filter Include="5_HelloCoordinate">
      <UniqueIdentifier>{4fd6f910-f937-4317-9518-d8ad6cc940c5}</UniqueIdentifier>
    </Filter>
    <Filter Include="6_Camera">
      <UniqueIdentifier>{4364ba72-6e94-48fc-9617-40dc4ae3780a}</UniqueIdentifier>
    </Filter>
    <Filter Include="7_Light">
      <UniqueIdentifier>{362706cb-e137-41f0-88d5-1bc56d87666c}</UniqueIdentifier>
    </Filter>
    <Filter Include="lib\imgui">
      <UniqueIdentifier>{53517f3e-a80e-4f14-8119-2d69812f2342}</UniqueIdentifier>
    </Filter>
    <Filter Include="8_HelloMaterial">
      <UniqueIdentifier>{d9fde6f3-7c6d-404e-9e0d-1ef3f0d58613}</UniqueIdentifier>
    </Filter>
    <Filter Include="9_HelloLightMap">
      <UniqueIdentifier>{8d5426e7-b782-40a8-808b-34e8abfa398f}</UniqueIdentifier>
    </Filter>
    <Filter Include="10_HelloLightCasters_And_11_MultiLights">
      <UniqueIdentifier>{b04b40b4-b9f5-4177-9799-8ddb3af7d6e0}</UniqueIdentifier>
    </Filter>
  </ItemGroup>
  <ItemGroup>
    <ClCompile Include="HelloShader.cpp">
      <Filter>2_HelloShader</Filter>
    </ClCompile>
    <ClCompile Include="HelloTriangle.cpp">
      <Filter>1_HelloTrianger</Filter>
    </ClCompile>
    <ClCompile Include="Shader.cpp">
      <Filter>2_HelloShader</Filter>
    </ClCompile>
    <ClCompile Include="glad.c">
      <Filter>lib</Filter>
    </ClCompile>
    <ClCompile Include="main.cpp">
      <Filter>exe</Filter>
    </ClCompile>
    <ClCompile Include="HelloTexture.cpp">
      <Filter>3_HelloTexture</Filter>
    </ClCompile>
    <ClCompile Include="HelloTransform.cpp">
      <Filter>4_HelloTransform</Filter>
    </ClCompile>
    <ClCompile Include="Resource.cpp">
      <Filter>Util</Filter>
    </ClCompile>
    <ClCompile Include="HelloCoordinate.cpp">
      <Filter>5_HelloCoordinate</Filter>
    </ClCompile>
    <ClCompile Include="Camera.cpp">
      <Filter>6_Camera</Filter>
    </ClCompile>
    <ClCompile Include="Time.cpp">
      <Filter>Util</Filter>
    </ClCompile>
    <ClCompile Include="HelloCamera.cpp">
      <Filter>6_Camera</Filter>
    </ClCompile>
    <ClCompile Include="HelloLight.cpp">
      <Filter>7_Light</Filter>
    </ClCompile>
    <ClCompile Include="include\imgui\imgui_impl_opengl3.cpp">
      <Filter>lib\imgui</Filter>
    </ClCompile>
    <ClCompile Include="include\imgui\imgui_impl_glfw.cpp">
      <Filter>lib\imgui</Filter>
    </ClCompile>
    <ClCompile Include="Debug.cpp">
      <Filter>Util</Filter>
    </ClCompile>
    <ClCompile Include="HelloMaterial.cpp">
      <Filter>8_HelloMaterial</Filter>
    </ClCompile>
    <ClCompile Include="HelloLightMap.cpp">
      <Filter>9_HelloLightMap</Filter>
    </ClCompile>
    <ClCompile Include="HelloLightCasters.cpp">
      <Filter>10_HelloLightCasters_And_11_MultiLights</Filter>
    </ClCompile>
  </ItemGroup>
  <ItemGroup>
    <ClInclude Include="HelloShader.h">
      <Filter>2_HelloShader</Filter>
    </ClInclude>
    <ClInclude Include="Shader.h">
      <Filter>2_HelloShader</Filter>
    </ClInclude>
    <ClInclude Include="include\glad.h">
      <Filter>lib</Filter>
    </ClInclude>
    <ClInclude Include="include\khrplatform.h">
      <Filter>lib</Filter>
    </ClInclude>
    <ClInclude Include="include\GL\wglew.h">
      <Filter>lib</Filter>
    </ClInclude>
    <ClInclude Include="include\GL\glxew.h">
      <Filter>lib</Filter>
    </ClInclude>
    <ClInclude Include="include\SOIL.h">
      <Filter>lib</Filter>
    </ClInclude>
    <ClInclude Include="HelloTexture.h">
      <Filter>3_HelloTexture</Filter>
    </ClInclude>
    <ClInclude Include="HelloTransform.h">
      <Filter>4_HelloTransform</Filter>
    </ClInclude>
    <ClInclude Include="Painter.h" />
    <ClInclude Include="Resource.h">
      <Filter>Util</Filter>
    </ClInclude>
    <ClInclude Include="HelloCoordinate.h">
      <Filter>5_HelloCoordinate</Filter>
    </ClInclude>
    <ClInclude Include="Camera.h">
      <Filter>6_Camera</Filter>
    </ClInclude>
    <ClInclude Include="Time.h">
      <Filter>Util</Filter>
    </ClInclude>
    <ClInclude Include="HelloCamera.h">
      <Filter>6_Camera</Filter>
    </ClInclude>
    <ClInclude Include="HelloLight.h">
      <Filter>7_Light</Filter>
    </ClInclude>
    <ClInclude Include="include\imgui\imstb_textedit.h">
      <Filter>lib\imgui</Filter>
    </ClInclude>
    <ClInclude Include="include\imgui\imgui_stdlib.h">
      <Filter>lib\imgui</Filter>
    </ClInclude>
    <ClInclude Include="include\imgui\imgui_internal.h">
      <Filter>lib\imgui</Filter>
    </ClInclude>
    <ClInclude Include="include\imgui\imgui.h">
      <Filter>lib\imgui</Filter>
    </ClInclude>
    <ClInclude Include="include\imgui\imconfig.h">
      <Filter>lib\imgui</Filter>
    </ClInclude>
    <ClInclude Include="include\imgui\imgui_impl_opengl3.h">
      <Filter>lib\imgui</Filter>
    </ClInclude>
    <ClInclude Include="include\imgui\imgui_impl_glfw.h">
      <Filter>lib\imgui</Filter>
    </ClInclude>
    <ClInclude Include="Debug.h">
      <Filter>Util</Filter>
    </ClInclude>
    <ClInclude Include="HelloMaterial.h">
      <Filter>8_HelloMaterial</Filter>
    </ClInclude>
    <ClInclude Include="HelloLightMap.h">
      <Filter>9_HelloLightMap</Filter>
    </ClInclude>
    <ClInclude Include="glheader.h">
      <Filter>Util</Filter>
    </ClInclude>
    <ClInclude Include="HelloTriangle.h">
      <Filter>1_HelloTrianger</Filter>
    </ClInclude>
    <ClInclude Include="HelloLightCasters.h">
      <Filter>10_HelloLightCasters_And_11_MultiLights</Filter>
    </ClInclude>
    <ClInclude Include="StringUtil.h">
      <Filter>Util</Filter>
    </ClInclude>
  </ItemGroup>
</Project>